
Microsoft Visual Studio Solution File, Format Version 12.00
# Visual Studio Version 17
VisualStudioVersion = 17.4.33103.184
MinimumVisualStudioVersion = 10.0.40219.1
Project("{9A19103F-16F7-4668-BE54-9A1E7A4F7556}") = "AdvertisementApp.Common", "AdvertisementApp.Common\AdvertisementApp.Common.csproj", "{D4A3C471-C022-40FF-B335-52BBFCD1BEBF}"
EndProject
Project("{9A19103F-16F7-4668-BE54-9A1E7A4F7556}") = "AdvertisementApp.DataAccess", "AdvertisementApp.DataAccess\AdvertisementApp.DataAccess.csproj", "{02EA855D-5624-413C-84EA-97E78BC2111D}"
EndProject
Project("{9A19103F-16F7-4668-BE54-9A1E7A4F7556}") = "AdvertisementApp.Entities", "AdvertisementApp.Entities\AdvertisementApp.Entities.csproj", "{94D7D285-7D42-4C67-94FB-2FB5951A11C4}"
EndProject
Project("{FAE04EC0-301F-11D3-BF4B-00C04F79EFBC}") = "AdvertisementApp.Business", "AdvertisementApp.Business\AdvertisementApp.Business.csproj", "{087289AA-7A89-4728-AB99-0EFDFB0DB6AD}"
EndProject
Project("{FAE04EC0-301F-11D3-BF4B-00C04F79EFBC}") = "AdvertisementApp.UI", "AdvertisementApp.UI\AdvertisementApp.UI.csproj", "{CB5B2652-8ABB-4C31-9615-0CCCD0E82809}"
EndProject
Project("{FAE04EC0-301F-11D3-BF4B-00C04F79EFBC}") = "AdvertisementApp.Dtos", "AdvertisementApp.Dtos\AdvertisementApp.Dtos.csproj", "{5E2D294B-6A43-48C9-9B7D-BEAD61D179CB}"
EndProject
Global
	GlobalSection(SolutionConfigurationPlatforms) = preSolution
		Debug|Any CPU = Debug|Any CPU
		Release|Any CPU = Release|Any CPU
	EndGlobalSection
	GlobalSection(ProjectConfigurationPlatforms) = postSolution
		{D4A3C471-C022-40FF-B335-52BBFCD1BEBF}.Debug|Any CPU.ActiveCfg = Debug|Any CPU
		{D4A3C471-C022-40FF-B335-52BBFCD1BEBF}.Debug|Any CPU.Build.0 = Debug|Any CPU
		{D4A3C471-C022-40FF-B335-52BBFCD1BEBF}.Release|Any CPU.ActiveCfg = Release|Any CPU
		{D4A3C471-C022-40FF-B335-52BBFCD1BEBF}.Release|Any CPU.Build.0 = Release|Any CPU
		{02EA855D-5624-413C-84EA-97E78BC2111D}.Debug|Any CPU.ActiveCfg = Debug|Any CPU
		{02EA855D-5624-413C-84EA-97E78BC2111D}.Debug|Any CPU.Build.0 = Debug|Any CPU
		{02EA855D-5624-413C-84EA-97E78BC2111D}.Release|Any CPU.ActiveCfg = Release|Any CPU
		{02EA855D-5624-413C-84EA-97E78BC2111D}.Release|Any CPU.Build.0 = Release|Any CPU
		{94D7D285-7D42-4C67-94FB-2FB5951A11C4}.Debug|Any CPU.ActiveCfg = Debug|Any CPU
		{94D7D285-7D42-4C67-94FB-2FB5951A11C4}.Debug|Any CPU.Build.0 = Debug|Any CPU
		{94D7D285-7D42-4C67-94FB-2FB5951A11C4}.Release|Any CPU.ActiveCfg = Release|Any CPU
		{94D7D285-7D42-4C67-94FB-2FB5951A11C4}.Release|Any CPU.Build.0 = Release|Any CPU
		{087289AA-7A89-4728-AB99-0EFDFB0DB6AD}.Debug|Any CPU.ActiveCfg = Debug|Any CPU
		{087289AA-7A89-4728-AB99-0EFDFB0DB6AD}.Debug|Any CPU.Build.0 = Debug|Any CPU
		{087289AA-7A89-4728-AB99-0EFDFB0DB6AD}.Release|Any CPU.ActiveCfg = Release|Any CPU
		{087289AA-7A89-4728-AB99-0EFDFB0DB6AD}.Release|Any CPU.Build.0 = Release|Any CPU
		{CB5B2652-8ABB-4C31-9615-0CCCD0E82809}.Debug|Any CPU.ActiveCfg = Debug|Any CPU
		{CB5B2652-8ABB-4C31-9615-0CCCD0E82809}.Debug|Any CPU.Build.0 = Debug|Any CPU
		{CB5B2652-8ABB-4C31-9615-0CCCD0E82809}.Release|Any CPU.ActiveCfg = Release|Any CPU
		{CB5B2652-8ABB-4C31-9615-0CCCD0E82809}.Release|Any CPU.Build.0 = Release|Any CPU
		{5E2D294B-6A43-48C9-9B7D-BEAD61D179CB}.Debug|Any CPU.ActiveCfg = Debug|Any CPU
		{5E2D294B-6A43-48C9-9B7D-BEAD61D179CB}.Debug|Any CPU.Build.0 = Debug|Any CPU
		{5E2D294B-6A43-48C9-9B7D-BEAD61D179CB}.Release|Any CPU.ActiveCfg = Release|Any CPU
		{5E2D294B-6A43-48C9-9B7D-BEAD61D179CB}.Release|Any CPU.Build.0 = Release|Any CPU
	EndGlobalSection
	GlobalSection(SolutionProperties) = preSolution
		HideSolutionNode = FALSE
	EndGlobalSection
	GlobalSection(ExtensibilityGlobals) = postSolution
		SolutionGuid = {788E191C-A9F6-497C-A1D9-C96DA826CA51}
	EndGlobalSection
EndGlobal
